
Microsoft Visual Studio Solution File, Format Version 12.00
# Visual Studio Version 16
VisualStudioVersion = 16.0.31702.278
MinimumVisualStudioVersion = 10.0.40219.1
Project("{9A19103F-16F7-4668-BE54-9A1E7A4F7556}") = "Patcher", "Patcher\Patcher.csproj", "{189AD6ED-8511-4DF6-BBBC-E72A4F801D68}"
EndProject
Project("{FAE04EC0-301F-11D3-BF4B-00C04F79EFBC}") = "PatcherTest", "PatcherTest\PatcherTest.csproj", "{65391AD7-649C-44DC-BEB6-25A340ABDB10}"
EndProject
Global
	GlobalSection(SolutionConfigurationPlatforms) = preSolution
		Debug|Any CPU = Debug|Any CPU
		Release|Any CPU = Release|Any CPU
	EndGlobalSection
	GlobalSection(ProjectConfigurationPlatforms) = postSolution
		{189AD6ED-8511-4DF6-BBBC-E72A4F801D68}.Debug|Any CPU.ActiveCfg = Debug|Any CPU
		{189AD6ED-8511-4DF6-BBBC-E72A4F801D68}.Debug|Any CPU.Build.0 = Debug|Any CPU
		{189AD6ED-8511-4DF6-BBBC-E72A4F801D68}.Release|Any CPU.ActiveCfg = Release|Any CPU
		{189AD6ED-8511-4DF6-BBBC-E72A4F801D68}.Release|Any CPU.Build.0 = Release|Any CPU
		{65391AD7-649C-44DC-BEB6-25A340ABDB10}.Debug|Any CPU.ActiveCfg = Debug|Any CPU
		{65391AD7-649C-44DC-BEB6-25A340ABDB10}.Debug|Any CPU.Build.0 = Debug|Any CPU
		{65391AD7-649C-44DC-BEB6-25A340ABDB10}.Release|Any CPU.ActiveCfg = Release|Any CPU
		{65391AD7-649C-44DC-BEB6-25A340ABDB10}.Release|Any CPU.Build.0 = Release|Any CPU
	EndGlobalSection
	GlobalSection(SolutionProperties) = preSolution
		HideSolutionNode = FALSE
	EndGlobalSection
	GlobalSection(ExtensibilityGlobals) = postSolution
		SolutionGuid = {6EAA9AFB-13B8-4961-8769-BA79E7ADE3C9}
	EndGlobalSection
EndGlobal
